// !$*UTF8*$!
{
	archiveVersion = 1;
	classes = {
	};
	objectVersion = 55;
	objects = {

/* Begin PBXBuildFile section */
		48F90B0A274A3F7900D88E10 /* Bazel_ExampleApp.swift in Sources */ = {isa = PBXBuildFile; fileRef = 48F90B09274A3F7900D88E10 /* Bazel_ExampleApp.swift */; };
		48F90B0C274A3F7900D88E10 /* ContentView.swift in Sources */ = {isa = PBXBuildFile; fileRef = 48F90B0B274A3F7900D88E10 /* ContentView.swift */; };
		48F90B0E274A3F7A00D88E10 /* Assets.xcassets in Resources */ = {isa = PBXBuildFile; fileRef = 48F90B0D274A3F7A00D88E10 /* Assets.xcassets */; };
		48F90B11274A3F7A00D88E10 /* Preview Assets.xcassets in Resources */ = {isa = PBXBuildFile; fileRef = 48F90B10274A3F7A00D88E10 /* Preview Assets.xcassets */; };
		48F90B1B274A3F7A00D88E10 /* Bazel_ExampleTests.swift in Sources */ = {isa = PBXBuildFile; fileRef = 48F90B1A274A3F7A00D88E10 /* Bazel_ExampleTests.swift */; };
		48F90B25274A3F7A00D88E10 /* Bazel_ExampleUITests.swift in Sources */ = {isa = PBXBuildFile; fileRef = 48F90B24274A3F7A00D88E10 /* Bazel_ExampleUITests.swift */; };
		48F90B27274A3F7A00D88E10 /* Bazel_ExampleUITestsLaunchTests.swift in Sources */ = {isa = PBXBuildFile; fileRef = 48F90B26274A3F7A00D88E10 /* Bazel_ExampleUITestsLaunchTests.swift */; };
/* End PBXBuildFile section */

/* Begin PBXContainerItemProxy section */
		48F90B17274A3F7A00D88E10 /* PBXContainerItemProxy */ = {
			isa = PBXContainerItemProxy;
			containerPortal = 48F90AFE274A3F7900D88E10 /* Project object */;
			proxyType = 1;
			remoteGlobalIDString = 48F90B05274A3F7900D88E10;
			remoteInfo = "Bazel Example";
		};
		48F90B21274A3F7A00D88E10 /* PBXContainerItemProxy */ = {
			isa = PBXContainerItemProxy;
			containerPortal = 48F90AFE274A3F7900D88E10 /* Project object */;
			proxyType = 1;
			remoteGlobalIDString = 48F90B05274A3F7900D88E10;
			remoteInfo = "Bazel Example";
		};
/* End PBXContainerItemProxy section */

/* Begin PBXFileReference section */
		48F90B06274A3F7900D88E10 /* Bazel Example.app */ = {isa = PBXFileReference; explicitFileType = wrapper.application; includeInIndex = 0; path = "Bazel Example.app"; sourceTree = BUILT_PRODUCTS_DIR; };
		48F90B09274A3F7900D88E10 /* Bazel_ExampleApp.swift */ = {isa = PBXFileReference; lastKnownFileType = sourcecode.swift; path = Bazel_ExampleApp.swift; sourceTree = "<group>"; };
		48F90B0B274A3F7900D88E10 /* ContentView.swift */ = {isa = PBXFileReference; lastKnownFileType = sourcecode.swift; path = ContentView.swift; sourceTree = "<group>"; };
		48F90B0D274A3F7A00D88E10 /* Assets.xcassets */ = {isa = PBXFileReference; lastKnownFileType = folder.assetcatalog; path = Assets.xcassets; sourceTree = "<group>"; };
		48F90B10274A3F7A00D88E10 /* Preview Assets.xcassets */ = {isa = PBXFileReference; lastKnownFileType = folder.assetcatalog; path = "Preview Assets.xcassets"; sourceTree = "<group>"; };
		48F90B16274A3F7A00D88E10 /* Bazel ExampleTests.xctest */ = {isa = PBXFileReference; explicitFileType = wrapper.cfbundle; includeInIndex = 0; path = "Bazel ExampleTests.xctest"; sourceTree = BUILT_PRODUCTS_DIR; };
		48F90B1A274A3F7A00D88E10 /* Bazel_ExampleTests.swift */ = {isa = PBXFileReference; lastKnownFileType = sourcecode.swift; path = Bazel_ExampleTests.swift; sourceTree = "<group>"; };
		48F90B20274A3F7A00D88E10 /* Bazel ExampleUITests.xctest */ = {isa = PBXFileReference; explicitFileType = wrapper.cfbundle; includeInIndex = 0; path = "Bazel ExampleUITests.xctest"; sourceTree = BUILT_PRODUCTS_DIR; };
		48F90B24274A3F7A00D88E10 /* Bazel_ExampleUITests.swift */ = {isa = PBXFileReference; lastKnownFileType = sourcecode.swift; path = Bazel_ExampleUITests.swift; sourceTree = "<group>"; };
		48F90B26274A3F7A00D88E10 /* Bazel_ExampleUITestsLaunchTests.swift */ = {isa = PBXFileReference; lastKnownFileType = sourcecode.swift; path = Bazel_ExampleUITestsLaunchTests.swift; sourceTree = "<group>"; };
/* End PBXFileReference section */

/* Begin PBXFrameworksBuildPhase section */
		48F90B03274A3F7900D88E10 /* Frameworks */ = {
			isa = PBXFrameworksBuildPhase;
			buildActionMask = 2147483647;
			files = (
			);
			runOnlyForDeploymentPostprocessing = 0;
		};
		48F90B13274A3F7A00D88E10 /* Frameworks */ = {
			isa = PBXFrameworksBuildPhase;
			buildActionMask = 2147483647;
			files = (
			);
			runOnlyForDeploymentPostprocessing = 0;
		};
		48F90B1D274A3F7A00D88E10 /* Frameworks */ = {
			isa = PBXFrameworksBuildPhase;
			buildActionMask = 2147483647;
			files = (
			);
			runOnlyForDeploymentPostprocessing = 0;
		};
/* End PBXFrameworksBuildPhase section */

/* Begin PBXGroup section */
		48F90AFD274A3F7900D88E10 = {
			isa = PBXGroup;
			children = (
				48F90B08274A3F7900D88E10 /* Bazel Example */,
				48F90B19274A3F7A00D88E10 /* Bazel ExampleTests */,
				48F90B23274A3F7A00D88E10 /* Bazel ExampleUITests */,
				48F90B07274A3F7900D88E10 /* Products */,
			);
			sourceTree = "<group>";
		};
		48F90B07274A3F7900D88E10 /* Products */ = {
			isa = PBXGroup;
			children = (
				48F90B06274A3F7900D88E10 /* Bazel Example.app */,
				48F90B16274A3F7A00D88E10 /* Bazel ExampleTests.xctest */,
				48F90B20274A3F7A00D88E10 /* Bazel ExampleUITests.xctest */,
			);
			name = Products;
			sourceTree = "<group>";
		};
		48F90B08274A3F7900D88E10 /* Bazel Example */ = {
			isa = PBXGroup;
			children = (
				48F90B09274A3F7900D88E10 /* Bazel_ExampleApp.swift */,
				48F90B0B274A3F7900D88E10 /* ContentView.swift */,
				48F90B0D274A3F7A00D88E10 /* Assets.xcassets */,
				48F90B0F274A3F7A00D88E10 /* Preview Content */,
			);
			path = "Bazel Example";
			sourceTree = "<group>";
		};
		48F90B0F274A3F7A00D88E10 /* Preview Content */ = {
			isa = PBXGroup;
			children = (
				48F90B10274A3F7A00D88E10 /* Preview Assets.xcassets */,
			);
			path = "Preview Content";
			sourceTree = "<group>";
		};
		48F90B19274A3F7A00D88E10 /* Bazel ExampleTests */ = {
			isa = PBXGroup;
			children = (
				48F90B1A274A3F7A00D88E10 /* Bazel_ExampleTests.swift */,
			);
			path = "Bazel ExampleTests";
			sourceTree = "<group>";
		};
		48F90B23274A3F7A00D88E10 /* Bazel ExampleUITests */ = {
			isa = PBXGroup;
			children = (
				48F90B24274A3F7A00D88E10 /* Bazel_ExampleUITests.swift */,
				48F90B26274A3F7A00D88E10 /* Bazel_ExampleUITestsLaunchTests.swift */,
			);
			path = "Bazel ExampleUITests";
			sourceTree = "<group>";
		};
/* End PBXGroup section */

/* Begin PBXNativeTarget section */
		48F90B05274A3F7900D88E10 /* Bazel Example */ = {
			isa = PBXNativeTarget;
			buildConfigurationList = 48F90B2A274A3F7A00D88E10 /* Build configuration list for PBXNativeTarget "Bazel Example" */;
			buildPhases = (
				48F90B02274A3F7900D88E10 /* Sources */,
				48F90B03274A3F7900D88E10 /* Frameworks */,
				48F90B04274A3F7900D88E10 /* Resources */,
			);
			buildRules = (
			);
			dependencies = (
			);
			name = "Bazel Example";
			productName = "Bazel Example";
			productReference = 48F90B06274A3F7900D88E10 /* Bazel Example.app */;
			productType = "com.apple.product-type.application";
		};
		48F90B15274A3F7A00D88E10 /* Bazel ExampleTests */ = {
			isa = PBXNativeTarget;
			buildConfigurationList = 48F90B2D274A3F7A00D88E10 /* Build configuration list for PBXNativeTarget "Bazel ExampleTests" */;
			buildPhases = (
				48F90B12274A3F7A00D88E10 /* Sources */,
				48F90B13274A3F7A00D88E10 /* Frameworks */,
				48F90B14274A3F7A00D88E10 /* Resources */,
			);
			buildRules = (
			);
			dependencies = (
				48F90B18274A3F7A00D88E10 /* PBXTargetDependency */,
			);
			name = "Bazel ExampleTests";
			productName = "Bazel ExampleTests";
			productReference = 48F90B16274A3F7A00D88E10 /* Bazel ExampleTests.xctest */;
			productType = "com.apple.product-type.bundle.unit-test";
		};
		48F90B1F274A3F7A00D88E10 /* Bazel ExampleUITests */ = {
			isa = PBXNativeTarget;
			buildConfigurationList = 48F90B30274A3F7A00D88E10 /* Build configuration list for PBXNativeTarget "Bazel ExampleUITests" */;
			buildPhases = (
				48F90B1C274A3F7A00D88E10 /* Sources */,
				48F90B1D274A3F7A00D88E10 /* Frameworks */,
				48F90B1E274A3F7A00D88E10 /* Resources */,
			);
			buildRules = (
			);
			dependencies = (
				48F90B22274A3F7A00D88E10 /* PBXTargetDependency */,
			);
			name = "Bazel ExampleUITests";
			productName = "Bazel ExampleUITests";
			productReference = 48F90B20274A3F7A00D88E10 /* Bazel ExampleUITests.xctest */;
			productType = "com.apple.product-type.bundle.ui-testing";
		};
/* End PBXNativeTarget section */

/* Begin PBXProject section */
		48F90AFE274A3F7900D88E10 /* Project object */ = {
			isa = PBXProject;
			attributes = {
				BuildIndependentTargetsInParallel = 1;
				LastSwiftUpdateCheck = 1310;
				LastUpgradeCheck = 1310;
				TargetAttributes = {
					48F90B05274A3F7900D88E10 = {
						CreatedOnToolsVersion = 13.1;
					};
					48F90B15274A3F7A00D88E10 = {
						CreatedOnToolsVersion = 13.1;
						TestTargetID = 48F90B05274A3F7900D88E10;
					};
					48F90B1F274A3F7A00D88E10 = {
						CreatedOnToolsVersion = 13.1;
						TestTargetID = 48F90B05274A3F7900D88E10;
					};
				};
			};
			buildConfigurationList = 48F90B01274A3F7900D88E10 /* Build configuration list for PBXProject "Bazel Example" */;
			compatibilityVersion = "Xcode 13.0";
			developmentRegion = en;
			hasScannedForEncodings = 0;
			knownRegions = (
				en,
				Base,
			);
			mainGroup = 48F90AFD274A3F7900D88E10;
			productRefGroup = 48F90B07274A3F7900D88E10 /* Products */;
			projectDirPath = "";
			projectRoot = "";
			targets = (
				48F90B05274A3F7900D88E10 /* Bazel Example */,
				48F90B15274A3F7A00D88E10 /* Bazel ExampleTests */,
				48F90B1F274A3F7A00D88E10 /* Bazel ExampleUITests */,
			);
		};
/* End PBXProject section */

/* Begin PBXResourcesBuildPhase section */
		48F90B04274A3F7900D88E10 /* Resources */ = {
			isa = PBXResourcesBuildPhase;
			buildActionMask = 2147483647;
			files = (
				48F90B11274A3F7A00D88E10 /* Preview Assets.xcassets in Resources */,
				48F90B0E274A3F7A00D88E10 /* Assets.xcassets in Resources */,
			);
			runOnlyForDeploymentPostprocessing = 0;
		};
		48F90B14274A3F7A00D88E10 /* Resources */ = {
			isa = PBXResourcesBuildPhase;
			buildActionMask = 2147483647;
			files = (
			);
			runOnlyForDeploymentPostprocessing = 0;
		};
		48F90B1E274A3F7A00D88E10 /* Resources */ = {
			isa = PBXResourcesBuildPhase;
			buildActionMask = 2147483647;
			files = (
			);
			runOnlyForDeploymentPostprocessing = 0;
		};
/* End PBXResourcesBuildPhase section */

/* Begin PBXSourcesBuildPhase section */
		48F90B02274A3F7900D88E10 /* Sources */ = {
			isa = PBXSourcesBuildPhase;
			buildActionMask = 2147483647;
			files = (
				48F90B0C274A3F7900D88E10 /* ContentView.swift in Sources */,
				48F90B0A274A3F7900D88E10 /* Bazel_ExampleApp.swift in Sources */,
			);
			runOnlyForDeploymentPostprocessing = 0;
		};
		48F90B12274A3F7A00D88E10 /* Sources */ = {
			isa = PBXSourcesBuildPhase;
			buildActionMask = 2147483647;
			files = (
				48F90B1B274A3F7A00D88E10 /* Bazel_ExampleTests.swift in Sources */,
			);
			runOnlyForDeploymentPostprocessing = 0;
		};
		48F90B1C274A3F7A00D88E10 /* Sources */ = {
			isa = PBXSourcesBuildPhase;
			buildActionMask = 2147483647;
			files = (
				48F90B27274A3F7A00D88E10 /* Bazel_ExampleUITestsLaunchTests.swift in Sources */,
				48F90B25274A3F7A00D88E10 /* Bazel_ExampleUITests.swift in Sources */,
			);
			runOnlyForDeploymentPostprocessing = 0;
		};
/* End PBXSourcesBuildPhase section */

/* Begin PBXTargetDependency section */
		48F90B18274A3F7A00D88E10 /* PBXTargetDependency */ = {
			isa = PBXTargetDependency;
			target = 48F90B05274A3F7900D88E10 /* Bazel Example */;
			targetProxy = 48F90B17274A3F7A00D88E10 /* PBXContainerItemProxy */;
		};
		48F90B22274A3F7A00D88E10 /* PBXTargetDependency */ = {
			isa = PBXTargetDependency;
			target = 48F90B05274A3F7900D88E10 /* Bazel Example */;
			targetProxy = 48F90B21274A3F7A00D88E10 /* PBXContainerItemProxy */;
		};
/* End PBXTargetDependency section */

/* Begin XCBuildConfiguration section */
		48F90B28274A3F7A00D88E10 /* Debug */ = {
			isa = XCBuildConfiguration;
			buildSettings = {
				ALWAYS_SEARCH_USER_PATHS = NO;
				CLANG_ANALYZER_NONNULL = YES;
				CLANG_ANALYZER_NUMBER_OBJECT_CONVERSION = YES_AGGRESSIVE;
				CLANG_CXX_LANGUAGE_STANDARD = "gnu++17";
				CLANG_CXX_LIBRARY = "libc++";
				CLANG_ENABLE_MODULES = YES;
				CLANG_ENABLE_OBJC_ARC = YES;
				CLANG_ENABLE_OBJC_WEAK = YES;
				CLANG_WARN_BLOCK_CAPTURE_AUTORELEASING = YES;
				CLANG_WARN_BOOL_CONVERSION = YES;
				CLANG_WARN_COMMA = YES;
				CLANG_WARN_CONSTANT_CONVERSION = YES;
				CLANG_WARN_DEPRECATED_OBJC_IMPLEMENTATIONS = YES;
				CLANG_WARN_DIRECT_OBJC_ISA_USAGE = YES_ERROR;
				CLANG_WARN_DOCUMENTATION_COMMENTS = YES;
				CLANG_WARN_EMPTY_BODY = YES;
				CLANG_WARN_ENUM_CONVERSION = YES;
				CLANG_WARN_INFINITE_RECURSION = YES;
				CLANG_WARN_INT_CONVERSION = YES;
				CLANG_WARN_NON_LITERAL_NULL_CONVERSION = YES;
				CLANG_WARN_OBJC_IMPLICIT_RETAIN_SELF = YES;
				CLANG_WARN_OBJC_LITERAL_CONVERSION = YES;
				CLANG_WARN_OBJC_ROOT_CLASS = YES_ERROR;
				CLANG_WARN_QUOTED_INCLUDE_IN_FRAMEWORK_HEADER = YES;
				CLANG_WARN_RANGE_LOOP_ANALYSIS = YES;
				CLANG_WARN_STRICT_PROTOTYPES = YES;
				CLANG_WARN_SUSPICIOUS_MOVE = YES;
				CLANG_WARN_UNGUARDED_AVAILABILITY = YES_AGGRESSIVE;
				CLANG_WARN_UNREACHABLE_CODE = YES;
				CLANG_WARN__DUPLICATE_METHOD_MATCH = YES;
				COPY_PHASE_STRIP = NO;
				DEBUG_INFORMATION_FORMAT = dwarf;
				ENABLE_STRICT_OBJC_MSGSEND = YES;
				ENABLE_TESTABILITY = YES;
				GCC_C_LANGUAGE_STANDARD = gnu11;
				GCC_DYNAMIC_NO_PIC = NO;
				GCC_NO_COMMON_BLOCKS = YES;
				GCC_OPTIMIZATION_LEVEL = 0;
				GCC_PREPROCESSOR_DEFINITIONS = (
					"DEBUG=1",
					"$(inherited)",
				);
				GCC_WARN_64_TO_32_BIT_CONVERSION = YES;
				GCC_WARN_ABOUT_RETURN_TYPE = YES_ERROR;
				GCC_WARN_UNDECLARED_SELECTOR = YES;
				GCC_WARN_UNINITIALIZED_AUTOS = YES_AGGRESSIVE;
				GCC_WARN_UNUSED_FUNCTION = YES;
				GCC_WARN_UNUSED_VARIABLE = YES;
				IPHONEOS_DEPLOYMENT_TARGET = 15.0;
				MTL_ENABLE_DEBUG_INFO = INCLUDE_SOURCE;
				MTL_FAST_MATH = YES;
				ONLY_ACTIVE_ARCH = YES;
				SDKROOT = iphoneos;
				SWIFT_ACTIVE_COMPILATION_CONDITIONS = DEBUG;
				SWIFT_OPTIMIZATION_LEVEL = "-Onone";
			};
			name = Debug;
		};
		48F90B29274A3F7A00D88E10 /* Release */ = {
			isa = XCBuildConfiguration;
			buildSettings = {
				ALWAYS_SEARCH_USER_PATHS = NO;
				CLANG_ANALYZER_NONNULL = YES;
				CLANG_ANALYZER_NUMBER_OBJECT_CONVERSION = YES_AGGRESSIVE;
				CLANG_CXX_LANGUAGE_STANDARD = "gnu++17";
				CLANG_CXX_LIBRARY = "libc++";
				CLANG_ENABLE_MODULES = YES;
				CLANG_ENABLE_OBJC_ARC = YES;
				CLANG_ENABLE_OBJC_WEAK = YES;
				CLANG_WARN_BLOCK_CAPTURE_AUTORELEASING = YES;
				CLANG_WARN_BOOL_CONVERSION = YES;
				CLANG_WARN_COMMA = YES;
				CLANG_WARN_CONSTANT_CONVERSION = YES;
				CLANG_WARN_DEPRECATED_OBJC_IMPLEMENTATIONS = YES;
				CLANG_WARN_DIRECT_OBJC_ISA_USAGE = YES_ERROR;
				CLANG_WARN_DOCUMENTATION_COMMENTS = YES;
				CLANG_WARN_EMPTY_BODY = YES;
				CLANG_WARN_ENUM_CONVERSION = YES;
				CLANG_WARN_INFINITE_RECURSION = YES;
				CLANG_WARN_INT_CONVERSION = YES;
				CLANG_WARN_NON_LITERAL_NULL_CONVERSION = YES;
				CLANG_WARN_OBJC_IMPLICIT_RETAIN_SELF = YES;
				CLANG_WARN_OBJC_LITERAL_CONVERSION = YES;
				CLANG_WARN_OBJC_ROOT_CLASS = YES_ERROR;
				CLANG_WARN_QUOTED_INCLUDE_IN_FRAMEWORK_HEADER = YES;
				CLANG_WARN_RANGE_LOOP_ANALYSIS = YES;
				CLANG_WARN_STRICT_PROTOTYPES = YES;
				CLANG_WARN_SUSPICIOUS_MOVE = YES;
				CLANG_WARN_UNGUARDED_AVAILABILITY = YES_AGGRESSIVE;
				CLANG_WARN_UNREACHABLE_CODE = YES;
				CLANG_WARN__DUPLICATE_METHOD_MATCH = YES;
				COPY_PHASE_STRIP = NO;
				DEBUG_INFORMATION_FORMAT = "dwarf-with-dsym";
				ENABLE_NS_ASSERTIONS = NO;
				ENABLE_STRICT_OBJC_MSGSEND = YES;
				GCC_C_LANGUAGE_STANDARD = gnu11;
				GCC_NO_COMMON_BLOCKS = YES;
				GCC_WARN_64_TO_32_BIT_CONVERSION = YES;
				GCC_WARN_ABOUT_RETURN_TYPE = YES_ERROR;
				GCC_WARN_UNDECLARED_SELECTOR = YES;
				GCC_WARN_UNINITIALIZED_AUTOS = YES_AGGRESSIVE;
				GCC_WARN_UNUSED_FUNCTION = YES;
				GCC_WARN_UNUSED_VARIABLE = YES;
				IPHONEOS_DEPLOYMENT_TARGET = 15.0;
				MTL_ENABLE_DEBUG_INFO = NO;
				MTL_FAST_MATH = YES;
				SDKROOT = iphoneos;
				SWIFT_COMPILATION_MODE = wholemodule;
				SWIFT_OPTIMIZATION_LEVEL = "-O";
				VALIDATE_PRODUCT = YES;
			};
			name = Release;
		};
		48F90B2B274A3F7A00D88E10 /* Debug */ = {
			isa = XCBuildConfiguration;
			buildSettings = {
				ASSETCATALOG_COMPILER_APPICON_NAME = AppIcon;
				ASSETCATALOG_COMPILER_GLOBAL_ACCENT_COLOR_NAME = AccentColor;
				CODE_SIGN_STYLE = Automatic;
				CURRENT_PROJECT_VERSION = 1;
				DEVELOPMENT_ASSET_PATHS = "\"Bazel Example/Preview Content\"";
				DEVELOPMENT_TEAM = RD7TLJ6X49;
				ENABLE_PREVIEWS = YES;
				GENERATE_INFOPLIST_FILE = YES;
				INFOPLIST_KEY_UIApplicationSceneManifest_Generation = YES;
				INFOPLIST_KEY_UIApplicationSupportsIndirectInputEvents = YES;
				INFOPLIST_KEY_UILaunchScreen_Generation = YES;
				INFOPLIST_KEY_UISupportedInterfaceOrientations_iPad = "UIInterfaceOrientationPortrait UIInterfaceOrientationPortraitUpsideDown UIInterfaceOrientationLandscapeLeft UIInterfaceOrientationLandscapeRight";
				INFOPLIST_KEY_UISupportedInterfaceOrientations_iPhone = "UIInterfaceOrientationPortrait UIInterfaceOrientationLandscapeLeft UIInterfaceOrientationLandscapeRight";
				LD_RUNPATH_SEARCH_PATHS = (
					"$(inherited)",
					"@executable_path/Frameworks",
				);
				MARKETING_VERSION = 1.0;
				PRODUCT_BUNDLE_IDENTIFIER = "com.dwirandyh.Bazel-Example";
				PRODUCT_NAME = "$(TARGET_NAME)";
				SWIFT_EMIT_LOC_STRINGS = YES;
				SWIFT_VERSION = 5.0;
				TARGETED_DEVICE_FAMILY = "1,2";
			};
			name = Debug;
		};
		48F90B2C274A3F7A00D88E10 /* Release */ = {
			isa = XCBuildConfiguration;
			buildSettings = {
				ASSETCATALOG_COMPILER_APPICON_NAME = AppIcon;
				ASSETCATALOG_COMPILER_GLOBAL_ACCENT_COLOR_NAME = AccentColor;
				CODE_SIGN_STYLE = Automatic;
				CURRENT_PROJECT_VERSION = 1;
				DEVELOPMENT_ASSET_PATHS = "\"Bazel Example/Preview Content\"";
				DEVELOPMENT_TEAM = RD7TLJ6X49;
				ENABLE_PREVIEWS = YES;
				GENERATE_INFOPLIST_FILE = YES;
				INFOPLIST_KEY_UIApplicationSceneManifest_Generation = YES;
				INFOPLIST_KEY_UIApplicationSupportsIndirectInputEvents = YES;
				INFOPLIST_KEY_UILaunchScreen_Generation = YES;
				INFOPLIST_KEY_UISupportedInterfaceOrientations_iPad = "UIInterfaceOrientationPortrait UIInterfaceOrientationPortraitUpsideDown UIInterfaceOrientationLandscapeLeft UIInterfaceOrientationLandscapeRight";
				INFOPLIST_KEY_UISupportedInterfaceOrientations_iPhone = "UIInterfaceOrientationPortrait UIInterfaceOrientationLandscapeLeft UIInterfaceOrientationLandscapeRight";
				LD_RUNPATH_SEARCH_PATHS = (
					"$(inherited)",
					"@executable_path/Frameworks",
				);
				MARKETING_VERSION = 1.0;
				PRODUCT_BUNDLE_IDENTIFIER = "com.dwirandyh.Bazel-Example";
				PRODUCT_NAME = "$(TARGET_NAME)";
				SWIFT_EMIT_LOC_STRINGS = YES;
				SWIFT_VERSION = 5.0;
				TARGETED_DEVICE_FAMILY = "1,2";
			};
			name = Release;
		};
		48F90B2E274A3F7A00D88E10 /* Debug */ = {
			isa = XCBuildConfiguration;
			buildSettings = {
				ALWAYS_EMBED_SWIFT_STANDARD_LIBRARIES = YES;
				BUNDLE_LOADER = "$(TEST_HOST)";
				CODE_SIGN_STYLE = Automatic;
				CURRENT_PROJECT_VERSION = 1;
				DEVELOPMENT_TEAM = RD7TLJ6X49;
				GENERATE_INFOPLIST_FILE = YES;
				IPHONEOS_DEPLOYMENT_TARGET = 15.0;
				LD_RUNPATH_SEARCH_PATHS = (
					"$(inherited)",
					"@executable_path/Frameworks",
					"@loader_path/Frameworks",
				);
				MARKETING_VERSION = 1.0;
				PRODUCT_BUNDLE_IDENTIFIER = "com.dwirandyh.Bazel-ExampleTests";
				PRODUCT_NAME = "$(TARGET_NAME)";
				SWIFT_EMIT_LOC_STRINGS = NO;
				SWIFT_VERSION = 5.0;
				TARGETED_DEVICE_FAMILY = "1,2";
				TEST_HOST = "$(BUILT_PRODUCTS_DIR)/Bazel Example.app/Bazel Example";
			};
			name = Debug;
		};
		48F90B2F274A3F7A00D88E10 /* Release */ = {
			isa = XCBuildConfiguration;
			buildSettings = {
				ALWAYS_EMBED_SWIFT_STANDARD_LIBRARIES = YES;
				BUNDLE_LOADER = "$(TEST_HOST)";
				CODE_SIGN_STYLE = Automatic;
				CURRENT_PROJECT_VERSION = 1;
				DEVELOPMENT_TEAM = RD7TLJ6X49;
				GENERATE_INFOPLIST_FILE = YES;
				IPHONEOS_DEPLOYMENT_TARGET = 15.0;
				LD_RUNPATH_SEARCH_PATHS = (
					"$(inherited)",
					"@executable_path/Frameworks",
					"@loader_path/Frameworks",
				);
				MARKETING_VERSION = 1.0;
				PRODUCT_BUNDLE_IDENTIFIER = "com.dwirandyh.Bazel-ExampleTests";
				PRODUCT_NAME = "$(TARGET_NAME)";
				SWIFT_EMIT_LOC_STRINGS = NO;
				SWIFT_VERSION = 5.0;
				TARGETED_DEVICE_FAMILY = "1,2";
				TEST_HOST = "$(BUILT_PRODUCTS_DIR)/Bazel Example.app/Bazel Example";
			};
			name = Release;
		};
		48F90B31274A3F7A00D88E10 /* Debug */ = {
			isa = XCBuildConfiguration;
			buildSettings = {
				ALWAYS_EMBED_SWIFT_STANDARD_LIBRARIES = YES;
				CODE_SIGN_STYLE = Automatic;
				CURRENT_PROJECT_VERSION = 1;
				DEVELOPMENT_TEAM = RD7TLJ6X49;
				GENERATE_INFOPLIST_FILE = YES;
				LD_RUNPATH_SEARCH_PATHS = (
					"$(inherited)",
					"@executable_path/Frameworks",
					"@loader_path/Frameworks",
				);
				MARKETING_VERSION = 1.0;
				PRODUCT_BUNDLE_IDENTIFIER = "com.dwirandyh.Bazel-ExampleUITests";
				PRODUCT_NAME = "$(TARGET_NAME)";
				SWIFT_EMIT_LOC_STRINGS = NO;
				SWIFT_VERSION = 5.0;
				TARGETED_DEVICE_FAMILY = "1,2";
				TEST_TARGET_NAME = "Bazel Example";
			};
			name = Debug;
		};
		48F90B32274A3F7A00D88E10 /* Release */ = {
			isa = XCBuildConfiguration;
			buildSettings = {
				ALWAYS_EMBED_SWIFT_STANDARD_LIBRARIES = YES;
				CODE_SIGN_STYLE = Automatic;
				CURRENT_PROJECT_VERSION = 1;
				DEVELOPMENT_TEAM = RD7TLJ6X49;
				GENERATE_INFOPLIST_FILE = YES;
				LD_RUNPATH_SEARCH_PATHS = (
					"$(inherited)",
					"@executable_path/Frameworks",
					"@loader_path/Frameworks",
				);
				MARKETING_VERSION = 1.0;
				PRODUCT_BUNDLE_IDENTIFIER = "com.dwirandyh.Bazel-ExampleUITests";
				PRODUCT_NAME = "$(TARGET_NAME)";
				SWIFT_EMIT_LOC_STRINGS = NO;
				SWIFT_VERSION = 5.0;
				TARGETED_DEVICE_FAMILY = "1,2";
				TEST_TARGET_NAME = "Bazel Example";
			};
			name = Release;
		};
/* End XCBuildConfiguration section */

/* Begin XCConfigurationList section */
		48F90B01274A3F7900D88E10 /* Build configuration list for PBXProject "Bazel Example" */ = {
			isa = XCConfigurationList;
			buildConfigurations = (
				48F90B28274A3F7A00D88E10 /* Debug */,
				48F90B29274A3F7A00D88E10 /* Release */,
			);
			defaultConfigurationIsVisible = 0;
			defaultConfigurationName = Release;
		};
		48F90B2A274A3F7A00D88E10 /* Build configuration list for PBXNativeTarget "Bazel Example" */ = {
			isa = XCConfigurationList;
			buildConfigurations = (
				48F90B2B274A3F7A00D88E10 /* Debug */,
				48F90B2C274A3F7A00D88E10 /* Release */,
			);
			defaultConfigurationIsVisible = 0;
			defaultConfigurationName = Release;
		};
		48F90B2D274A3F7A00D88E10 /* Build configuration list for PBXNativeTarget "Bazel ExampleTests" */ = {
			isa = XCConfigurationList;
			buildConfigurations = (
				48F90B2E274A3F7A00D88E10 /* Debug */,
				48F90B2F274A3F7A00D88E10 /* Release */,
			);
			defaultConfigurationIsVisible = 0;
			defaultConfigurationName = Release;
		};
		48F90B30274A3F7A00D88E10 /* Build configuration list for PBXNativeTarget "Bazel ExampleUITests" */ = {
			isa = XCConfigurationList;
			buildConfigurations = (
				48F90B31274A3F7A00D88E10 /* Debug */,
				48F90B32274A3F7A00D88E10 /* Release */,
			);
			defaultConfigurationIsVisible = 0;
			defaultConfigurationName = Release;
		};
/* End XCConfigurationList section */
	};
	rootObject = 48F90AFE274A3F7900D88E10 /* Project object */;
}
